
Microsoft Visual Studio Solution File, Format Version 12.00
# Visual Studio Version 16
VisualStudioVersion = 16.0.31424.327
MinimumVisualStudioVersion = 10.0.40219.1
Project("{2150E333-8FDC-42A3-9474-1A3956D46DE8}") = "Backend", "Backend", "{8FADCF29-97B8-42E3-BD2A-B0B0D94075D2}"
EndProject
Project("{2150E333-8FDC-42A3-9474-1A3956D46DE8}") = "Frontend", "Frontend", "{C876B7B0-3232-48DF-9336-36EE44D0E2CD}"
EndProject
Project("{2150E333-8FDC-42A3-9474-1A3956D46DE8}") = "Shared", "Shared", "{49B028CE-639C-4482-9152-6E5FB8F0C53F}"
EndProject
Project("{2150E333-8FDC-42A3-9474-1A3956D46DE8}") = "Others", "Others", "{506F463A-CCFF-461B-A632-C68B8EC25EE6}"
	ProjectSection(SolutionItems) = preProject
		.gitignore = .gitignore
	EndProjectSection
EndProject
Project("{9A19103F-16F7-4668-BE54-9A1E7A4F7556}") = "NightWorks.Data", "NightWorks.Data\NightWorks.Data.csproj", "{26F9105A-0830-4C57-9AA6-3A8746DD1A98}"
EndProject
Project("{9A19103F-16F7-4668-BE54-9A1E7A4F7556}") = "NightWorks.Logic", "NightWorks.Logic\NightWorks.Logic.csproj", "{48FE59D9-68F9-47B2-B71C-670B528E82E1}"
EndProject
Project("{9A19103F-16F7-4668-BE54-9A1E7A4F7556}") = "NightWorks.Repository", "NightWorks.Repository\NightWorks.Repository.csproj", "{62CE96DA-FC86-4FFE-A092-71B64120380D}"
EndProject
Project("{9A19103F-16F7-4668-BE54-9A1E7A4F7556}") = "NightWorks.Client", "NightWorks.Client\NightWorks.Client.csproj", "{0631E458-69E5-4700-982E-F5C6725BF619}"
EndProject
Project("{9A19103F-16F7-4668-BE54-9A1E7A4F7556}") = "NightWorks.Models", "NightWorks.Models\NightWorks.Models.csproj", "{FE037AD4-8E26-4A15-920C-9B2F60DFDFE6}"
EndProject
Project("{9A19103F-16F7-4668-BE54-9A1E7A4F7556}") = "RestService", "RestService\RestService.csproj", "{197B5200-21C0-462E-A8A5-D4AC70131E8D}"
EndProject
Global
	GlobalSection(SolutionConfigurationPlatforms) = preSolution
		Debug|Any CPU = Debug|Any CPU
		Release|Any CPU = Release|Any CPU
	EndGlobalSection
	GlobalSection(ProjectConfigurationPlatforms) = postSolution
		{26F9105A-0830-4C57-9AA6-3A8746DD1A98}.Debug|Any CPU.ActiveCfg = Debug|Any CPU
		{26F9105A-0830-4C57-9AA6-3A8746DD1A98}.Debug|Any CPU.Build.0 = Debug|Any CPU
		{26F9105A-0830-4C57-9AA6-3A8746DD1A98}.Release|Any CPU.ActiveCfg = Debug|Any CPU
		{26F9105A-0830-4C57-9AA6-3A8746DD1A98}.Release|Any CPU.Build.0 = Debug|Any CPU
		{48FE59D9-68F9-47B2-B71C-670B528E82E1}.Debug|Any CPU.ActiveCfg = Debug|Any CPU
		{48FE59D9-68F9-47B2-B71C-670B528E82E1}.Debug|Any CPU.Build.0 = Debug|Any CPU
		{48FE59D9-68F9-47B2-B71C-670B528E82E1}.Release|Any CPU.ActiveCfg = Debug|Any CPU
		{48FE59D9-68F9-47B2-B71C-670B528E82E1}.Release|Any CPU.Build.0 = Debug|Any CPU
		{62CE96DA-FC86-4FFE-A092-71B64120380D}.Debug|Any CPU.ActiveCfg = Debug|Any CPU
		{62CE96DA-FC86-4FFE-A092-71B64120380D}.Debug|Any CPU.Build.0 = Debug|Any CPU
		{62CE96DA-FC86-4FFE-A092-71B64120380D}.Release|Any CPU.ActiveCfg = Debug|Any CPU
		{62CE96DA-FC86-4FFE-A092-71B64120380D}.Release|Any CPU.Build.0 = Debug|Any CPU
		{0631E458-69E5-4700-982E-F5C6725BF619}.Debug|Any CPU.ActiveCfg = Debug|Any CPU
		{0631E458-69E5-4700-982E-F5C6725BF619}.Debug|Any CPU.Build.0 = Debug|Any CPU
		{0631E458-69E5-4700-982E-F5C6725BF619}.Release|Any CPU.ActiveCfg = Debug|Any CPU
		{0631E458-69E5-4700-982E-F5C6725BF619}.Release|Any CPU.Build.0 = Debug|Any CPU
		{FE037AD4-8E26-4A15-920C-9B2F60DFDFE6}.Debug|Any CPU.ActiveCfg = Debug|Any CPU
		{FE037AD4-8E26-4A15-920C-9B2F60DFDFE6}.Debug|Any CPU.Build.0 = Debug|Any CPU
		{FE037AD4-8E26-4A15-920C-9B2F60DFDFE6}.Release|Any CPU.ActiveCfg = Debug|Any CPU
		{FE037AD4-8E26-4A15-920C-9B2F60DFDFE6}.Release|Any CPU.Build.0 = Debug|Any CPU
		{197B5200-21C0-462E-A8A5-D4AC70131E8D}.Debug|Any CPU.ActiveCfg = Debug|Any CPU
		{197B5200-21C0-462E-A8A5-D4AC70131E8D}.Debug|Any CPU.Build.0 = Debug|Any CPU
		{197B5200-21C0-462E-A8A5-D4AC70131E8D}.Release|Any CPU.ActiveCfg = Release|Any CPU
		{197B5200-21C0-462E-A8A5-D4AC70131E8D}.Release|Any CPU.Build.0 = Release|Any CPU
	EndGlobalSection
	GlobalSection(SolutionProperties) = preSolution
		HideSolutionNode = FALSE
	EndGlobalSection
	GlobalSection(NestedProjects) = preSolution
		{26F9105A-0830-4C57-9AA6-3A8746DD1A98} = {8FADCF29-97B8-42E3-BD2A-B0B0D94075D2}
		{48FE59D9-68F9-47B2-B71C-670B528E82E1} = {8FADCF29-97B8-42E3-BD2A-B0B0D94075D2}
		{62CE96DA-FC86-4FFE-A092-71B64120380D} = {8FADCF29-97B8-42E3-BD2A-B0B0D94075D2}
		{0631E458-69E5-4700-982E-F5C6725BF619} = {C876B7B0-3232-48DF-9336-36EE44D0E2CD}
		{FE037AD4-8E26-4A15-920C-9B2F60DFDFE6} = {49B028CE-639C-4482-9152-6E5FB8F0C53F}
		{197B5200-21C0-462E-A8A5-D4AC70131E8D} = {8FADCF29-97B8-42E3-BD2A-B0B0D94075D2}
	EndGlobalSection
	GlobalSection(ExtensibilityGlobals) = postSolution
		SolutionGuid = {86D654B9-DA80-4F87-8C87-18EB8A01A3C5}
	EndGlobalSection
EndGlobal
